
Microsoft Visual Studio Solution File, Format Version 12.00
# Visual Studio Version 17
VisualStudioVersion = 17.14.36717.8
MinimumVisualStudioVersion = 10.0.40219.1
Project("{F184B08F-C81C-45F6-A57F-5ABD9991F28F}") = "Tank_Pro", "Tank_Pro.vbproj", "{C089ED18-1918-437E-9D44-7630D20D6A0F}"
EndProject
Global
	GlobalSection(SolutionConfigurationPlatforms) = preSolution
		Debug|Any CPU = Debug|Any CPU
		Release|Any CPU = Release|Any CPU
	EndGlobalSection
	GlobalSection(ProjectConfigurationPlatforms) = postSolution
		{C089ED18-1918-437E-9D44-7630D20D6A0F}.Debug|Any CPU.ActiveCfg = Debug|Any CPU
		{C089ED18-1918-437E-9D44-7630D20D6A0F}.Debug|Any CPU.Build.0 = Debug|Any CPU
		{C089ED18-1918-437E-9D44-7630D20D6A0F}.Release|Any CPU.ActiveCfg = Release|Any CPU
		{C089ED18-1918-437E-9D44-7630D20D6A0F}.Release|Any CPU.Build.0 = Release|Any CPU
	EndGlobalSection
	GlobalSection(SolutionProperties) = preSolution
		HideSolutionNode = FALSE
	EndGlobalSection
	GlobalSection(ExtensibilityGlobals) = postSolution
		SolutionGuid = {04B1CBEB-2B4A-408D-95CC-39C574637DA5}
	EndGlobalSection
EndGlobal
